
Microsoft Visual Studio Solution File, Format Version 12.00
# Visual Studio 14
VisualStudioVersion = 14.0.25420.1
MinimumVisualStudioVersion = 10.0.40219.1
Project("{FAE04EC0-301F-11D3-BF4B-00C04F79EFBC}") = "Tasks", "Task_7\Tasks.csproj", "{683562B0-4429-49DC-9FED-48EE8826FAB3}"
EndProject
Project("{FAE04EC0-301F-11D3-BF4B-00C04F79EFBC}") = "Lesson_5", "Lesson_5\Lesson_5.csproj", "{073F97B3-E938-41F3-B5E4-9E2BDBC65CAF}"
EndProject
Project("{FAE04EC0-301F-11D3-BF4B-00C04F79EFBC}") = "Lesson_6", "Lesson_6\Lesson_6.csproj", "{9E6C181E-5CD2-4256-949E-077E20173964}"
EndProject
Project("{FAE04EC0-301F-11D3-BF4B-00C04F79EFBC}") = "Lesson_7", "Lesson_7\Lesson_7.csproj", "{4A48BC7B-7D00-434E-B5EF-DA24B1E0ECAF}"
EndProject
Project("{FAE04EC0-301F-11D3-BF4B-00C04F79EFBC}") = "Lessons_8", "Lessons_8\Lessons_8.csproj", "{310F3DD3-377D-44CA-B47A-64F245121D9C}"
EndProject
Global
	GlobalSection(SolutionConfigurationPlatforms) = preSolution
		Debug|Any CPU = Debug|Any CPU
		Release|Any CPU = Release|Any CPU
	EndGlobalSection
	GlobalSection(ProjectConfigurationPlatforms) = postSolution
		{683562B0-4429-49DC-9FED-48EE8826FAB3}.Debug|Any CPU.ActiveCfg = Debug|Any CPU
		{683562B0-4429-49DC-9FED-48EE8826FAB3}.Debug|Any CPU.Build.0 = Debug|Any CPU
		{683562B0-4429-49DC-9FED-48EE8826FAB3}.Release|Any CPU.ActiveCfg = Release|Any CPU
		{683562B0-4429-49DC-9FED-48EE8826FAB3}.Release|Any CPU.Build.0 = Release|Any CPU
		{073F97B3-E938-41F3-B5E4-9E2BDBC65CAF}.Debug|Any CPU.ActiveCfg = Debug|Any CPU
		{073F97B3-E938-41F3-B5E4-9E2BDBC65CAF}.Debug|Any CPU.Build.0 = Debug|Any CPU
		{073F97B3-E938-41F3-B5E4-9E2BDBC65CAF}.Release|Any CPU.ActiveCfg = Release|Any CPU
		{073F97B3-E938-41F3-B5E4-9E2BDBC65CAF}.Release|Any CPU.Build.0 = Release|Any CPU
		{9E6C181E-5CD2-4256-949E-077E20173964}.Debug|Any CPU.ActiveCfg = Debug|Any CPU
		{9E6C181E-5CD2-4256-949E-077E20173964}.Debug|Any CPU.Build.0 = Debug|Any CPU
		{9E6C181E-5CD2-4256-949E-077E20173964}.Release|Any CPU.ActiveCfg = Release|Any CPU
		{9E6C181E-5CD2-4256-949E-077E20173964}.Release|Any CPU.Build.0 = Release|Any CPU
		{4A48BC7B-7D00-434E-B5EF-DA24B1E0ECAF}.Debug|Any CPU.ActiveCfg = Debug|Any CPU
		{4A48BC7B-7D00-434E-B5EF-DA24B1E0ECAF}.Debug|Any CPU.Build.0 = Debug|Any CPU
		{4A48BC7B-7D00-434E-B5EF-DA24B1E0ECAF}.Release|Any CPU.ActiveCfg = Release|Any CPU
		{4A48BC7B-7D00-434E-B5EF-DA24B1E0ECAF}.Release|Any CPU.Build.0 = Release|Any CPU
		{310F3DD3-377D-44CA-B47A-64F245121D9C}.Debug|Any CPU.ActiveCfg = Debug|Any CPU
		{310F3DD3-377D-44CA-B47A-64F245121D9C}.Debug|Any CPU.Build.0 = Debug|Any CPU
		{310F3DD3-377D-44CA-B47A-64F245121D9C}.Release|Any CPU.ActiveCfg = Release|Any CPU
		{310F3DD3-377D-44CA-B47A-64F245121D9C}.Release|Any CPU.Build.0 = Release|Any CPU
	EndGlobalSection
	GlobalSection(SolutionProperties) = preSolution
		HideSolutionNode = FALSE
	EndGlobalSection
EndGlobal
